
Microsoft Visual Studio Solution File, Format Version 12.00
# Visual Studio Version 16
VisualStudioVersion = 16.0.29911.84
MinimumVisualStudioVersion = 10.0.40219.1
Project("{F184B08F-C81C-45F6-A57F-5ABD9991F28F}") = "TestJson", "TestJson.vbproj", "{B26F5CBA-9DE5-45B3-B945-34C6C92D1D45}"
EndProject
Project("{F184B08F-C81C-45F6-A57F-5ABD9991F28F}") = "DA_JsonLibrary", "..\DA_JsonLibrary\DA_JsonLibrary.vbproj", "{F4147720-60EB-4F0E-B74B-CB51B2830B3E}"
EndProject
Global
	GlobalSection(SolutionConfigurationPlatforms) = preSolution
		Debug|Any CPU = Debug|Any CPU
		Release|Any CPU = Release|Any CPU
	EndGlobalSection
	GlobalSection(ProjectConfigurationPlatforms) = postSolution
		{B26F5CBA-9DE5-45B3-B945-34C6C92D1D45}.Debug|Any CPU.ActiveCfg = Debug|Any CPU
		{B26F5CBA-9DE5-45B3-B945-34C6C92D1D45}.Debug|Any CPU.Build.0 = Debug|Any CPU
		{B26F5CBA-9DE5-45B3-B945-34C6C92D1D45}.Release|Any CPU.ActiveCfg = Release|Any CPU
		{B26F5CBA-9DE5-45B3-B945-34C6C92D1D45}.Release|Any CPU.Build.0 = Release|Any CPU
		{F4147720-60EB-4F0E-B74B-CB51B2830B3E}.Debug|Any CPU.ActiveCfg = Debug|Any CPU
		{F4147720-60EB-4F0E-B74B-CB51B2830B3E}.Debug|Any CPU.Build.0 = Debug|Any CPU
		{F4147720-60EB-4F0E-B74B-CB51B2830B3E}.Release|Any CPU.ActiveCfg = Release|Any CPU
		{F4147720-60EB-4F0E-B74B-CB51B2830B3E}.Release|Any CPU.Build.0 = Release|Any CPU
	EndGlobalSection
	GlobalSection(SolutionProperties) = preSolution
		HideSolutionNode = FALSE
	EndGlobalSection
	GlobalSection(ExtensibilityGlobals) = postSolution
		SolutionGuid = {FFB38719-59DC-4A4C-A81D-C85FB62947A3}
	EndGlobalSection
EndGlobal
